
Microsoft Visual Studio Solution File, Format Version 12.00
# Visual Studio Version 16
VisualStudioVersion = 16.0.29025.244
MinimumVisualStudioVersion = 10.0.40219.1
Project("{FAE04EC0-301F-11D3-BF4B-00C04F79EFBC}") = "PlusMinus", "PlusMinus\PlusMinus.csproj", "{4032C64D-A0B7-478D-B191-8E1EA5CE4C5D}"
EndProject
Project("{FAE04EC0-301F-11D3-BF4B-00C04F79EFBC}") = "Staircase", "Staircase\Staircase.csproj", "{3067A166-8699-43EC-9EE9-B8B2597AA312}"
EndProject
Project("{FAE04EC0-301F-11D3-BF4B-00C04F79EFBC}") = "MiniMaxSum", "MiniMaxSum\MiniMaxSum.csproj", "{F4756601-8082-43FF-9DDF-B63D0EB1B66F}"
EndProject
Project("{FAE04EC0-301F-11D3-BF4B-00C04F79EFBC}") = "BirthdayCakeCandles", "BirthdayCakeCandles\BirthdayCakeCandles.csproj", "{8CE43E25-466C-42E0-BF34-4A56E7F96797}"
EndProject
Project("{FAE04EC0-301F-11D3-BF4B-00C04F79EFBC}") = "TimeConversion", "TimeConversion\TimeConversion.csproj", "{A9E06FD8-3021-4707-8FF5-2ED3988A8FD7}"
EndProject
Project("{9A19103F-16F7-4668-BE54-9A1E7A4F7556}") = "GradingStudents", "GradingStudents\GradingStudents.csproj", "{588718AC-34A5-437B-8990-C3C34F477FDD}"
EndProject
Project("{9A19103F-16F7-4668-BE54-9A1E7A4F7556}") = "AppleAndOrange", "AppleAndOrange\AppleAndOrange.csproj", "{AD93426F-C5F4-49C7-AC77-CDA8CCD7401B}"
EndProject
Project("{FAE04EC0-301F-11D3-BF4B-00C04F79EFBC}") = "Kangaroo", "Kangaroo\Kangaroo.csproj", "{86115743-B57F-413F-B445-6A788C04976B}"
EndProject
Global
	GlobalSection(SolutionConfigurationPlatforms) = preSolution
		Debug|Any CPU = Debug|Any CPU
		Release|Any CPU = Release|Any CPU
	EndGlobalSection
	GlobalSection(ProjectConfigurationPlatforms) = postSolution
		{4032C64D-A0B7-478D-B191-8E1EA5CE4C5D}.Debug|Any CPU.ActiveCfg = Debug|Any CPU
		{4032C64D-A0B7-478D-B191-8E1EA5CE4C5D}.Debug|Any CPU.Build.0 = Debug|Any CPU
		{4032C64D-A0B7-478D-B191-8E1EA5CE4C5D}.Release|Any CPU.ActiveCfg = Release|Any CPU
		{4032C64D-A0B7-478D-B191-8E1EA5CE4C5D}.Release|Any CPU.Build.0 = Release|Any CPU
		{3067A166-8699-43EC-9EE9-B8B2597AA312}.Debug|Any CPU.ActiveCfg = Debug|Any CPU
		{3067A166-8699-43EC-9EE9-B8B2597AA312}.Debug|Any CPU.Build.0 = Debug|Any CPU
		{3067A166-8699-43EC-9EE9-B8B2597AA312}.Release|Any CPU.ActiveCfg = Release|Any CPU
		{3067A166-8699-43EC-9EE9-B8B2597AA312}.Release|Any CPU.Build.0 = Release|Any CPU
		{F4756601-8082-43FF-9DDF-B63D0EB1B66F}.Debug|Any CPU.ActiveCfg = Debug|Any CPU
		{F4756601-8082-43FF-9DDF-B63D0EB1B66F}.Debug|Any CPU.Build.0 = Debug|Any CPU
		{F4756601-8082-43FF-9DDF-B63D0EB1B66F}.Release|Any CPU.ActiveCfg = Release|Any CPU
		{F4756601-8082-43FF-9DDF-B63D0EB1B66F}.Release|Any CPU.Build.0 = Release|Any CPU
		{8CE43E25-466C-42E0-BF34-4A56E7F96797}.Debug|Any CPU.ActiveCfg = Debug|Any CPU
		{8CE43E25-466C-42E0-BF34-4A56E7F96797}.Debug|Any CPU.Build.0 = Debug|Any CPU
		{8CE43E25-466C-42E0-BF34-4A56E7F96797}.Release|Any CPU.ActiveCfg = Release|Any CPU
		{8CE43E25-466C-42E0-BF34-4A56E7F96797}.Release|Any CPU.Build.0 = Release|Any CPU
		{A9E06FD8-3021-4707-8FF5-2ED3988A8FD7}.Debug|Any CPU.ActiveCfg = Debug|Any CPU
		{A9E06FD8-3021-4707-8FF5-2ED3988A8FD7}.Debug|Any CPU.Build.0 = Debug|Any CPU
		{A9E06FD8-3021-4707-8FF5-2ED3988A8FD7}.Release|Any CPU.ActiveCfg = Release|Any CPU
		{A9E06FD8-3021-4707-8FF5-2ED3988A8FD7}.Release|Any CPU.Build.0 = Release|Any CPU
		{588718AC-34A5-437B-8990-C3C34F477FDD}.Debug|Any CPU.ActiveCfg = Debug|Any CPU
		{588718AC-34A5-437B-8990-C3C34F477FDD}.Debug|Any CPU.Build.0 = Debug|Any CPU
		{588718AC-34A5-437B-8990-C3C34F477FDD}.Release|Any CPU.ActiveCfg = Release|Any CPU
		{588718AC-34A5-437B-8990-C3C34F477FDD}.Release|Any CPU.Build.0 = Release|Any CPU
		{AD93426F-C5F4-49C7-AC77-CDA8CCD7401B}.Debug|Any CPU.ActiveCfg = Debug|Any CPU
		{AD93426F-C5F4-49C7-AC77-CDA8CCD7401B}.Debug|Any CPU.Build.0 = Debug|Any CPU
		{AD93426F-C5F4-49C7-AC77-CDA8CCD7401B}.Release|Any CPU.ActiveCfg = Release|Any CPU
		{AD93426F-C5F4-49C7-AC77-CDA8CCD7401B}.Release|Any CPU.Build.0 = Release|Any CPU
		{86115743-B57F-413F-B445-6A788C04976B}.Debug|Any CPU.ActiveCfg = Debug|Any CPU
		{86115743-B57F-413F-B445-6A788C04976B}.Debug|Any CPU.Build.0 = Debug|Any CPU
		{86115743-B57F-413F-B445-6A788C04976B}.Release|Any CPU.ActiveCfg = Release|Any CPU
		{86115743-B57F-413F-B445-6A788C04976B}.Release|Any CPU.Build.0 = Release|Any CPU
	EndGlobalSection
	GlobalSection(SolutionProperties) = preSolution
		HideSolutionNode = FALSE
	EndGlobalSection
	GlobalSection(ExtensibilityGlobals) = postSolution
		SolutionGuid = {96815FDE-233D-42AD-A6BC-9E1702DC799C}
	EndGlobalSection
EndGlobal
